
Microsoft Visual Studio Solution File, Format Version 12.00
# Visual Studio Version 16
VisualStudioVersion = 16.0.31829.152
MinimumVisualStudioVersion = 10.0.40219.1
Project("{9A19103F-16F7-4668-BE54-9A1E7A4F7556}") = "my-books", "my-books\my-books.csproj", "{3C8D0129-AF41-42BC-956E-626239D0CC23}"
EndProject
Project("{FAE04EC0-301F-11D3-BF4B-00C04F79EFBC}") = "my-books-tests", "my-books-tests\my-books-tests.csproj", "{3AC5389C-2EDF-44BD-8F06-FFF5B6B2691A}"
EndProject
Global
	GlobalSection(SolutionConfigurationPlatforms) = preSolution
		Debug|Any CPU = Debug|Any CPU
		Release|Any CPU = Release|Any CPU
	EndGlobalSection
	GlobalSection(ProjectConfigurationPlatforms) = postSolution
		{3C8D0129-AF41-42BC-956E-626239D0CC23}.Debug|Any CPU.ActiveCfg = Debug|Any CPU
		{3C8D0129-AF41-42BC-956E-626239D0CC23}.Debug|Any CPU.Build.0 = Debug|Any CPU
		{3C8D0129-AF41-42BC-956E-626239D0CC23}.Release|Any CPU.ActiveCfg = Release|Any CPU
		{3C8D0129-AF41-42BC-956E-626239D0CC23}.Release|Any CPU.Build.0 = Release|Any CPU
		{3AC5389C-2EDF-44BD-8F06-FFF5B6B2691A}.Debug|Any CPU.ActiveCfg = Debug|Any CPU
		{3AC5389C-2EDF-44BD-8F06-FFF5B6B2691A}.Debug|Any CPU.Build.0 = Debug|Any CPU
		{3AC5389C-2EDF-44BD-8F06-FFF5B6B2691A}.Release|Any CPU.ActiveCfg = Release|Any CPU
		{3AC5389C-2EDF-44BD-8F06-FFF5B6B2691A}.Release|Any CPU.Build.0 = Release|Any CPU
	EndGlobalSection
	GlobalSection(SolutionProperties) = preSolution
		HideSolutionNode = FALSE
	EndGlobalSection
	GlobalSection(ExtensibilityGlobals) = postSolution
		SolutionGuid = {F13F249D-FA4F-4A75-BD3C-7CD39C51AA0E}
	EndGlobalSection
EndGlobal
